
Microsoft Visual Studio Solution File, Format Version 12.00
# Visual Studio Version 16
VisualStudioVersion = 16.0.29519.181
MinimumVisualStudioVersion = 10.0.40219.1
Project("{9A19103F-16F7-4668-BE54-9A1E7A4F7556}") = "AoC6", "AoC6.csproj", "{B1CC8E35-691F-4E98-9584-2C81167EA6D7}"
EndProject
Global
	GlobalSection(SolutionConfigurationPlatforms) = preSolution
		Debug|Any CPU = Debug|Any CPU
		Release|Any CPU = Release|Any CPU
	EndGlobalSection
	GlobalSection(ProjectConfigurationPlatforms) = postSolution
		{B1CC8E35-691F-4E98-9584-2C81167EA6D7}.Debug|Any CPU.ActiveCfg = Debug|Any CPU
		{B1CC8E35-691F-4E98-9584-2C81167EA6D7}.Debug|Any CPU.Build.0 = Debug|Any CPU
		{B1CC8E35-691F-4E98-9584-2C81167EA6D7}.Release|Any CPU.ActiveCfg = Release|Any CPU
		{B1CC8E35-691F-4E98-9584-2C81167EA6D7}.Release|Any CPU.Build.0 = Release|Any CPU
	EndGlobalSection
	GlobalSection(SolutionProperties) = preSolution
		HideSolutionNode = FALSE
	EndGlobalSection
	GlobalSection(ExtensibilityGlobals) = postSolution
		SolutionGuid = {41F16D2A-949B-4FBA-B2B2-F9CB60904491}
	EndGlobalSection
EndGlobal
